
Microsoft Visual Studio Solution File, Format Version 12.00
# Visual Studio Version 17
VisualStudioVersion = 17.2.32630.192
MinimumVisualStudioVersion = 10.0.40219.1
Project("{FAE04EC0-301F-11D3-BF4B-00C04F79EFBC}") = "HW2_LevelEditor", "HW2_LevelEditor.csproj", "{F5D0AF14-FA13-41E5-BD6C-505B88FC1D43}"
EndProject
Global
	GlobalSection(SolutionConfigurationPlatforms) = preSolution
		Debug|Any CPU = Debug|Any CPU
		Release|Any CPU = Release|Any CPU
	EndGlobalSection
	GlobalSection(ProjectConfigurationPlatforms) = postSolution
		{F5D0AF14-FA13-41E5-BD6C-505B88FC1D43}.Debug|Any CPU.ActiveCfg = Debug|Any CPU
		{F5D0AF14-FA13-41E5-BD6C-505B88FC1D43}.Debug|Any CPU.Build.0 = Debug|Any CPU
		{F5D0AF14-FA13-41E5-BD6C-505B88FC1D43}.Release|Any CPU.ActiveCfg = Release|Any CPU
		{F5D0AF14-FA13-41E5-BD6C-505B88FC1D43}.Release|Any CPU.Build.0 = Release|Any CPU
	EndGlobalSection
	GlobalSection(SolutionProperties) = preSolution
		HideSolutionNode = FALSE
	EndGlobalSection
	GlobalSection(ExtensibilityGlobals) = postSolution
		SolutionGuid = {2763CDC0-BF94-4E7A-AC75-8DB30F5A9E66}
	EndGlobalSection
EndGlobal
