
Microsoft Visual Studio Solution File, Format Version 12.00
# Visual Studio Version 17
VisualStudioVersion = 17.2.32630.192
MinimumVisualStudioVersion = 10.0.40219.1
Project("{FAE04EC0-301F-11D3-BF4B-00C04F79EFBC}") = "HW1_RandomStory", "HW1_RandomStory.csproj", "{F3F6BFEC-ABA3-4070-9B07-7A35B1CC0F53}"
EndProject
Global
	GlobalSection(SolutionConfigurationPlatforms) = preSolution
		Debug|Any CPU = Debug|Any CPU
		Release|Any CPU = Release|Any CPU
	EndGlobalSection
	GlobalSection(ProjectConfigurationPlatforms) = postSolution
		{F3F6BFEC-ABA3-4070-9B07-7A35B1CC0F53}.Debug|Any CPU.ActiveCfg = Debug|Any CPU
		{F3F6BFEC-ABA3-4070-9B07-7A35B1CC0F53}.Debug|Any CPU.Build.0 = Debug|Any CPU
		{F3F6BFEC-ABA3-4070-9B07-7A35B1CC0F53}.Release|Any CPU.ActiveCfg = Release|Any CPU
		{F3F6BFEC-ABA3-4070-9B07-7A35B1CC0F53}.Release|Any CPU.Build.0 = Release|Any CPU
	EndGlobalSection
	GlobalSection(SolutionProperties) = preSolution
		HideSolutionNode = FALSE
	EndGlobalSection
	GlobalSection(ExtensibilityGlobals) = postSolution
		SolutionGuid = {088DC136-635F-418E-AE2D-F3B30F98CCAF}
	EndGlobalSection
EndGlobal
