
Microsoft Visual Studio Solution File, Format Version 12.00
# Visual Studio Version 17
VisualStudioVersion = 17.2.32630.192
MinimumVisualStudioVersion = 10.0.40219.1
Project("{FAE04EC0-301F-11D3-BF4B-00C04F79EFBC}") = "Slime Game", "Slime Game\Slime Game.csproj", "{E2249011-2A37-4773-8CDA-4790EDACE233}"
EndProject
Global
	GlobalSection(SolutionConfigurationPlatforms) = preSolution
		Debug|Any CPU = Debug|Any CPU
		Release|Any CPU = Release|Any CPU
	EndGlobalSection
	GlobalSection(ProjectConfigurationPlatforms) = postSolution
		{E2249011-2A37-4773-8CDA-4790EDACE233}.Debug|Any CPU.ActiveCfg = Debug|Any CPU
		{E2249011-2A37-4773-8CDA-4790EDACE233}.Debug|Any CPU.Build.0 = Debug|Any CPU
		{E2249011-2A37-4773-8CDA-4790EDACE233}.Release|Any CPU.ActiveCfg = Release|Any CPU
		{E2249011-2A37-4773-8CDA-4790EDACE233}.Release|Any CPU.Build.0 = Release|Any CPU
	EndGlobalSection
	GlobalSection(SolutionProperties) = preSolution
		HideSolutionNode = FALSE
	EndGlobalSection
	GlobalSection(ExtensibilityGlobals) = postSolution
		SolutionGuid = {B0B488E6-E7CD-486A-83F2-32B6B6166636}
	EndGlobalSection
EndGlobal
